{
  "nodes": {
    "nix-darwin": {
      "inputs": {
        "nixpkgs": [
          "nixpkgs"
        ]
      },
      "locked": {
        "lastModified": 1709292216,
        "narHash": "sha256-DwC4ASXZpssI7ZOJADOtQ7PhVV1mrEEXQdML/0gLPGo=",
        "owner": "LnL7",
        "repo": "nix-darwin",
        "rev": "70d162d4684f738761ab4251c0cee05b5f5d4d53",
        "type": "github"
      },
      "original": {
        "owner": "LnL7",
        "repo": "nix-darwin",
        "type": "github"
      }
    },
    "nixpkgs": {
      "locked": {
        "lastModified": 1709251216,
        "narHash": "sha256-YIqYA4e1561zvBK2F7h9ilScnBy+0stgLHb3zOzpmOA=",
        "owner": "NixOS",
        "repo": "nixpkgs",
        "rev": "1f50575dc92e39cdec74ab832987f41a57de7f68",
        "type": "github"
      },
      "original": {
        "owner": "NixOS",
        "ref": "nixpkgs-23.11-darwin",
        "repo": "nixpkgs",
        "type": "github"
      }
    },
    "root": {
      "inputs": {
        "nix-darwin": "nix-darwin",
        "nixpkgs": "nixpkgs"
      }
    }
  },
  "root": "root",
  "version": 7
}
